
Microsoft Visual Studio Solution File, Format Version 12.00
# Visual Studio Version 17
VisualStudioVersion = 17.8.34330.188
MinimumVisualStudioVersion = 10.0.40219.1
Project("{FAE04EC0-301F-11D3-BF4B-00C04F79EFBC}") = "Task1SQL2(1)", "Task1SQL2(1).csproj", "{39AAA122-1B90-4E91-96A9-6E8B258A2B08}"
EndProject
Global
	GlobalSection(SolutionConfigurationPlatforms) = preSolution
		Debug|Any CPU = Debug|Any CPU
		Release|Any CPU = Release|Any CPU
	EndGlobalSection
	GlobalSection(ProjectConfigurationPlatforms) = postSolution
		{39AAA122-1B90-4E91-96A9-6E8B258A2B08}.Debug|Any CPU.ActiveCfg = Debug|Any CPU
		{39AAA122-1B90-4E91-96A9-6E8B258A2B08}.Debug|Any CPU.Build.0 = Debug|Any CPU
		{39AAA122-1B90-4E91-96A9-6E8B258A2B08}.Release|Any CPU.ActiveCfg = Release|Any CPU
		{39AAA122-1B90-4E91-96A9-6E8B258A2B08}.Release|Any CPU.Build.0 = Release|Any CPU
	EndGlobalSection
	GlobalSection(SolutionProperties) = preSolution
		HideSolutionNode = FALSE
	EndGlobalSection
	GlobalSection(ExtensibilityGlobals) = postSolution
		SolutionGuid = {109CFC3B-4217-4672-90ED-8121643694FD}
	EndGlobalSection
EndGlobal
